
Microsoft Visual Studio Solution File, Format Version 12.00
# Visual Studio Version 17
VisualStudioVersion = 17.5.33530.505
MinimumVisualStudioVersion = 10.0.40219.1
Project("{9A19103F-16F7-4668-BE54-9A1E7A4F7556}") = "WebUIDesign", "WebUIDesign\WebUIDesign.csproj", "{D196F016-F7DB-4188-ABED-C70F48E21B7C}"
EndProject
Global
	GlobalSection(SolutionConfigurationPlatforms) = preSolution
		Debug|Any CPU = Debug|Any CPU
		Release|Any CPU = Release|Any CPU
	EndGlobalSection
	GlobalSection(ProjectConfigurationPlatforms) = postSolution
		{D196F016-F7DB-4188-ABED-C70F48E21B7C}.Debug|Any CPU.ActiveCfg = Debug|Any CPU
		{D196F016-F7DB-4188-ABED-C70F48E21B7C}.Debug|Any CPU.Build.0 = Debug|Any CPU
		{D196F016-F7DB-4188-ABED-C70F48E21B7C}.Release|Any CPU.ActiveCfg = Release|Any CPU
		{D196F016-F7DB-4188-ABED-C70F48E21B7C}.Release|Any CPU.Build.0 = Release|Any CPU
	EndGlobalSection
	GlobalSection(SolutionProperties) = preSolution
		HideSolutionNode = FALSE
	EndGlobalSection
	GlobalSection(ExtensibilityGlobals) = postSolution
		SolutionGuid = {E457F1E1-9276-4892-9D16-BED774AF51E7}
	EndGlobalSection
EndGlobal
